
Microsoft Visual Studio Solution File, Format Version 12.00
# Visual Studio 15
VisualStudioVersion = 15.0.28307.572
MinimumVisualStudioVersion = 10.0.40219.1
Project("{9A19103F-16F7-4668-BE54-9A1E7A4F7556}") = "Countr.Core", "Countr\Countr.Core\Countr.Core.csproj", "{D1EC9530-795A-42D7-87C1-8495B50859F9}"
EndProject
Project("{FAE04EC0-301F-11D3-BF4B-00C04F79EFBC}") = "Countr.Droid", "Countr\Countr.Droid\Countr.Droid.csproj", "{9A17B86E-5353-4E02-B3E5-C8CE1B3CD89B}"
EndProject
Project("{FAE04EC0-301F-11D3-BF4B-00C04F79EFBC}") = "Countr.iOS", "Countr\Countr.iOS\Countr.iOS.csproj", "{304A91C5-0ECE-431B-AA16-4BC2E8E970DA}"
EndProject
Project("{FAE04EC0-301F-11D3-BF4B-00C04F79EFBC}") = "Countr.Core.Tests", "Countr.Core.Tests\Countr.Core.Tests.csproj", "{BDA8066A-2750-4464-92B2-B629A0782B43}"
EndProject
Global
	GlobalSection(SolutionConfigurationPlatforms) = preSolution
		Ad-Hoc|Any CPU = Ad-Hoc|Any CPU
		Ad-Hoc|ARM = Ad-Hoc|ARM
		Ad-Hoc|iPhone = Ad-Hoc|iPhone
		Ad-Hoc|iPhoneSimulator = Ad-Hoc|iPhoneSimulator
		Ad-Hoc|x64 = Ad-Hoc|x64
		Ad-Hoc|x86 = Ad-Hoc|x86
		AppStore|Any CPU = AppStore|Any CPU
		AppStore|ARM = AppStore|ARM
		AppStore|iPhone = AppStore|iPhone
		AppStore|iPhoneSimulator = AppStore|iPhoneSimulator
		AppStore|x64 = AppStore|x64
		AppStore|x86 = AppStore|x86
		Debug|Any CPU = Debug|Any CPU
		Debug|ARM = Debug|ARM
		Debug|iPhone = Debug|iPhone
		Debug|iPhoneSimulator = Debug|iPhoneSimulator
		Debug|x64 = Debug|x64
		Debug|x86 = Debug|x86
		Release|Any CPU = Release|Any CPU
		Release|ARM = Release|ARM
		Release|iPhone = Release|iPhone
		Release|iPhoneSimulator = Release|iPhoneSimulator
		Release|x64 = Release|x64
		Release|x86 = Release|x86
	EndGlobalSection
	GlobalSection(ProjectConfigurationPlatforms) = postSolution
		{D1EC9530-795A-42D7-87C1-8495B50859F9}.Ad-Hoc|Any CPU.ActiveCfg = Debug|Any CPU
		{D1EC9530-795A-42D7-87C1-8495B50859F9}.Ad-Hoc|Any CPU.Build.0 = Debug|Any CPU
		{D1EC9530-795A-42D7-87C1-8495B50859F9}.Ad-Hoc|ARM.ActiveCfg = Debug|Any CPU
		{D1EC9530-795A-42D7-87C1-8495B50859F9}.Ad-Hoc|ARM.Build.0 = Debug|Any CPU
		{D1EC9530-795A-42D7-87C1-8495B50859F9}.Ad-Hoc|iPhone.ActiveCfg = Debug|Any CPU
		{D1EC9530-795A-42D7-87C1-8495B50859F9}.Ad-Hoc|iPhone.Build.0 = Debug|Any CPU
		{D1EC9530-795A-42D7-87C1-8495B50859F9}.Ad-Hoc|iPhoneSimulator.ActiveCfg = Debug|Any CPU
		{D1EC9530-795A-42D7-87C1-8495B50859F9}.Ad-Hoc|iPhoneSimulator.Build.0 = Debug|Any CPU
		{D1EC9530-795A-42D7-87C1-8495B50859F9}.Ad-Hoc|x64.ActiveCfg = Debug|Any CPU
		{D1EC9530-795A-42D7-87C1-8495B50859F9}.Ad-Hoc|x64.Build.0 = Debug|Any CPU
		{D1EC9530-795A-42D7-87C1-8495B50859F9}.Ad-Hoc|x86.ActiveCfg = Debug|Any CPU
		{D1EC9530-795A-42D7-87C1-8495B50859F9}.Ad-Hoc|x86.Build.0 = Debug|Any CPU
		{D1EC9530-795A-42D7-87C1-8495B50859F9}.AppStore|Any CPU.ActiveCfg = Debug|Any CPU
		{D1EC9530-795A-42D7-87C1-8495B50859F9}.AppStore|Any CPU.Build.0 = Debug|Any CPU
		{D1EC9530-795A-42D7-87C1-8495B50859F9}.AppStore|ARM.ActiveCfg = Debug|Any CPU
		{D1EC9530-795A-42D7-87C1-8495B50859F9}.AppStore|ARM.Build.0 = Debug|Any CPU
		{D1EC9530-795A-42D7-87C1-8495B50859F9}.AppStore|iPhone.ActiveCfg = Debug|Any CPU
		{D1EC9530-795A-42D7-87C1-8495B50859F9}.AppStore|iPhone.Build.0 = Debug|Any CPU
		{D1EC9530-795A-42D7-87C1-8495B50859F9}.AppStore|iPhoneSimulator.ActiveCfg = Debug|Any CPU
		{D1EC9530-795A-42D7-87C1-8495B50859F9}.AppStore|iPhoneSimulator.Build.0 = Debug|Any CPU
		{D1EC9530-795A-42D7-87C1-8495B50859F9}.AppStore|x64.ActiveCfg = Debug|Any CPU
		{D1EC9530-795A-42D7-87C1-8495B50859F9}.AppStore|x64.Build.0 = Debug|Any CPU
		{D1EC9530-795A-42D7-87C1-8495B50859F9}.AppStore|x86.ActiveCfg = Debug|Any CPU
		{D1EC9530-795A-42D7-87C1-8495B50859F9}.AppStore|x86.Build.0 = Debug|Any CPU
		{D1EC9530-795A-42D7-87C1-8495B50859F9}.Debug|Any CPU.ActiveCfg = Debug|Any CPU
		{D1EC9530-795A-42D7-87C1-8495B50859F9}.Debug|Any CPU.Build.0 = Debug|Any CPU
		{D1EC9530-795A-42D7-87C1-8495B50859F9}.Debug|ARM.ActiveCfg = Debug|Any CPU
		{D1EC9530-795A-42D7-87C1-8495B50859F9}.Debug|ARM.Build.0 = Debug|Any CPU
		{D1EC9530-795A-42D7-87C1-8495B50859F9}.Debug|iPhone.ActiveCfg = Debug|Any CPU
		{D1EC9530-795A-42D7-87C1-8495B50859F9}.Debug|iPhone.Build.0 = Debug|Any CPU
		{D1EC9530-795A-42D7-87C1-8495B50859F9}.Debug|iPhoneSimulator.ActiveCfg = Debug|Any CPU
		{D1EC9530-795A-42D7-87C1-8495B50859F9}.Debug|iPhoneSimulator.Build.0 = Debug|Any CPU
		{D1EC9530-795A-42D7-87C1-8495B50859F9}.Debug|x64.ActiveCfg = Debug|Any CPU
		{D1EC9530-795A-42D7-87C1-8495B50859F9}.Debug|x64.Build.0 = Debug|Any CPU
		{D1EC9530-795A-42D7-87C1-8495B50859F9}.Debug|x86.ActiveCfg = Debug|Any CPU
		{D1EC9530-795A-42D7-87C1-8495B50859F9}.Debug|x86.Build.0 = Debug|Any CPU
		{D1EC9530-795A-42D7-87C1-8495B50859F9}.Release|Any CPU.ActiveCfg = Release|Any CPU
		{D1EC9530-795A-42D7-87C1-8495B50859F9}.Release|Any CPU.Build.0 = Release|Any CPU
		{D1EC9530-795A-42D7-87C1-8495B50859F9}.Release|ARM.ActiveCfg = Release|Any CPU
		{D1EC9530-795A-42D7-87C1-8495B50859F9}.Release|ARM.Build.0 = Release|Any CPU
		{D1EC9530-795A-42D7-87C1-8495B50859F9}.Release|iPhone.ActiveCfg = Release|Any CPU
		{D1EC9530-795A-42D7-87C1-8495B50859F9}.Release|iPhone.Build.0 = Release|Any CPU
		{D1EC9530-795A-42D7-87C1-8495B50859F9}.Release|iPhoneSimulator.ActiveCfg = Release|Any CPU
		{D1EC9530-795A-42D7-87C1-8495B50859F9}.Release|iPhoneSimulator.Build.0 = Release|Any CPU
		{D1EC9530-795A-42D7-87C1-8495B50859F9}.Release|x64.ActiveCfg = Release|Any CPU
		{D1EC9530-795A-42D7-87C1-8495B50859F9}.Release|x64.Build.0 = Release|Any CPU
		{D1EC9530-795A-42D7-87C1-8495B50859F9}.Release|x86.ActiveCfg = Release|Any CPU
		{D1EC9530-795A-42D7-87C1-8495B50859F9}.Release|x86.Build.0 = Release|Any CPU
		{9A17B86E-5353-4E02-B3E5-C8CE1B3CD89B}.Ad-Hoc|Any CPU.ActiveCfg = Release|Any CPU
		{9A17B86E-5353-4E02-B3E5-C8CE1B3CD89B}.Ad-Hoc|Any CPU.Build.0 = Release|Any CPU
		{9A17B86E-5353-4E02-B3E5-C8CE1B3CD89B}.Ad-Hoc|Any CPU.Deploy.0 = Release|Any CPU
		{9A17B86E-5353-4E02-B3E5-C8CE1B3CD89B}.Ad-Hoc|ARM.ActiveCfg = Release|Any CPU
		{9A17B86E-5353-4E02-B3E5-C8CE1B3CD89B}.Ad-Hoc|ARM.Build.0 = Release|Any CPU
		{9A17B86E-5353-4E02-B3E5-C8CE1B3CD89B}.Ad-Hoc|ARM.Deploy.0 = Release|Any CPU
		{9A17B86E-5353-4E02-B3E5-C8CE1B3CD89B}.Ad-Hoc|iPhone.ActiveCfg = Release|Any CPU
		{9A17B86E-5353-4E02-B3E5-C8CE1B3CD89B}.Ad-Hoc|iPhone.Build.0 = Release|Any CPU
		{9A17B86E-5353-4E02-B3E5-C8CE1B3CD89B}.Ad-Hoc|iPhone.Deploy.0 = Release|Any CPU
		{9A17B86E-5353-4E02-B3E5-C8CE1B3CD89B}.Ad-Hoc|iPhoneSimulator.ActiveCfg = Release|Any CPU
		{9A17B86E-5353-4E02-B3E5-C8CE1B3CD89B}.Ad-Hoc|iPhoneSimulator.Build.0 = Release|Any CPU
		{9A17B86E-5353-4E02-B3E5-C8CE1B3CD89B}.Ad-Hoc|iPhoneSimulator.Deploy.0 = Release|Any CPU
		{9A17B86E-5353-4E02-B3E5-C8CE1B3CD89B}.Ad-Hoc|x64.ActiveCfg = Release|Any CPU
		{9A17B86E-5353-4E02-B3E5-C8CE1B3CD89B}.Ad-Hoc|x64.Build.0 = Release|Any CPU
		{9A17B86E-5353-4E02-B3E5-C8CE1B3CD89B}.Ad-Hoc|x64.Deploy.0 = Release|Any CPU
		{9A17B86E-5353-4E02-B3E5-C8CE1B3CD89B}.Ad-Hoc|x86.ActiveCfg = Release|Any CPU
		{9A17B86E-5353-4E02-B3E5-C8CE1B3CD89B}.Ad-Hoc|x86.Build.0 = Release|Any CPU
		{9A17B86E-5353-4E02-B3E5-C8CE1B3CD89B}.Ad-Hoc|x86.Deploy.0 = Release|Any CPU
		{9A17B86E-5353-4E02-B3E5-C8CE1B3CD89B}.AppStore|Any CPU.ActiveCfg = Release|Any CPU
		{9A17B86E-5353-4E02-B3E5-C8CE1B3CD89B}.AppStore|Any CPU.Build.0 = Release|Any CPU
		{9A17B86E-5353-4E02-B3E5-C8CE1B3CD89B}.AppStore|Any CPU.Deploy.0 = Release|Any CPU
		{9A17B86E-5353-4E02-B3E5-C8CE1B3CD89B}.AppStore|ARM.ActiveCfg = Release|Any CPU
		{9A17B86E-5353-4E02-B3E5-C8CE1B3CD89B}.AppStore|ARM.Build.0 = Release|Any CPU
		{9A17B86E-5353-4E02-B3E5-C8CE1B3CD89B}.AppStore|ARM.Deploy.0 = Release|Any CPU
		{9A17B86E-5353-4E02-B3E5-C8CE1B3CD89B}.AppStore|iPhone.ActiveCfg = Release|Any CPU
		{9A17B86E-5353-4E02-B3E5-C8CE1B3CD89B}.AppStore|iPhone.Build.0 = Release|Any CPU
		{9A17B86E-5353-4E02-B3E5-C8CE1B3CD89B}.AppStore|iPhone.Deploy.0 = Release|Any CPU
		{9A17B86E-5353-4E02-B3E5-C8CE1B3CD89B}.AppStore|iPhoneSimulator.ActiveCfg = Release|Any CPU
		{9A17B86E-5353-4E02-B3E5-C8CE1B3CD89B}.AppStore|iPhoneSimulator.Build.0 = Release|Any CPU
		{9A17B86E-5353-4E02-B3E5-C8CE1B3CD89B}.AppStore|iPhoneSimulator.Deploy.0 = Release|Any CPU
		{9A17B86E-5353-4E02-B3E5-C8CE1B3CD89B}.AppStore|x64.ActiveCfg = Release|Any CPU
		{9A17B86E-5353-4E02-B3E5-C8CE1B3CD89B}.AppStore|x64.Build.0 = Release|Any CPU
		{9A17B86E-5353-4E02-B3E5-C8CE1B3CD89B}.AppStore|x64.Deploy.0 = Release|Any CPU
		{9A17B86E-5353-4E02-B3E5-C8CE1B3CD89B}.AppStore|x86.ActiveCfg = Release|Any CPU
		{9A17B86E-5353-4E02-B3E5-C8CE1B3CD89B}.AppStore|x86.Build.0 = Release|Any CPU
		{9A17B86E-5353-4E02-B3E5-C8CE1B3CD89B}.AppStore|x86.Deploy.0 = Release|Any CPU
		{9A17B86E-5353-4E02-B3E5-C8CE1B3CD89B}.Debug|Any CPU.ActiveCfg = Debug|Any CPU
		{9A17B86E-5353-4E02-B3E5-C8CE1B3CD89B}.Debug|Any CPU.Build.0 = Debug|Any CPU
		{9A17B86E-5353-4E02-B3E5-C8CE1B3CD89B}.Debug|Any CPU.Deploy.0 = Debug|Any CPU
		{9A17B86E-5353-4E02-B3E5-C8CE1B3CD89B}.Debug|ARM.ActiveCfg = Debug|Any CPU
		{9A17B86E-5353-4E02-B3E5-C8CE1B3CD89B}.Debug|ARM.Build.0 = Debug|Any CPU
		{9A17B86E-5353-4E02-B3E5-C8CE1B3CD89B}.Debug|ARM.Deploy.0 = Debug|Any CPU
		{9A17B86E-5353-4E02-B3E5-C8CE1B3CD89B}.Debug|iPhone.ActiveCfg = Debug|Any CPU
		{9A17B86E-5353-4E02-B3E5-C8CE1B3CD89B}.Debug|iPhone.Build.0 = Debug|Any CPU
		{9A17B86E-5353-4E02-B3E5-C8CE1B3CD89B}.Debug|iPhone.Deploy.0 = Debug|Any CPU
		{9A17B86E-5353-4E02-B3E5-C8CE1B3CD89B}.Debug|iPhoneSimulator.ActiveCfg = Debug|Any CPU
		{9A17B86E-5353-4E02-B3E5-C8CE1B3CD89B}.Debug|iPhoneSimulator.Build.0 = Debug|Any CPU
		{9A17B86E-5353-4E02-B3E5-C8CE1B3CD89B}.Debug|iPhoneSimulator.Deploy.0 = Debug|Any CPU
		{9A17B86E-5353-4E02-B3E5-C8CE1B3CD89B}.Debug|x64.ActiveCfg = Debug|Any CPU
		{9A17B86E-5353-4E02-B3E5-C8CE1B3CD89B}.Debug|x64.Build.0 = Debug|Any CPU
		{9A17B86E-5353-4E02-B3E5-C8CE1B3CD89B}.Debug|x64.Deploy.0 = Debug|Any CPU
		{9A17B86E-5353-4E02-B3E5-C8CE1B3CD89B}.Debug|x86.ActiveCfg = Debug|Any CPU
		{9A17B86E-5353-4E02-B3E5-C8CE1B3CD89B}.Debug|x86.Build.0 = Debug|Any CPU
		{9A17B86E-5353-4E02-B3E5-C8CE1B3CD89B}.Debug|x86.Deploy.0 = Debug|Any CPU
		{9A17B86E-5353-4E02-B3E5-C8CE1B3CD89B}.Release|Any CPU.ActiveCfg = Release|Any CPU
		{9A17B86E-5353-4E02-B3E5-C8CE1B3CD89B}.Release|Any CPU.Build.0 = Release|Any CPU
		{9A17B86E-5353-4E02-B3E5-C8CE1B3CD89B}.Release|Any CPU.Deploy.0 = Release|Any CPU
		{9A17B86E-5353-4E02-B3E5-C8CE1B3CD89B}.Release|ARM.ActiveCfg = Release|Any CPU
		{9A17B86E-5353-4E02-B3E5-C8CE1B3CD89B}.Release|ARM.Build.0 = Release|Any CPU
		{9A17B86E-5353-4E02-B3E5-C8CE1B3CD89B}.Release|ARM.Deploy.0 = Release|Any CPU
		{9A17B86E-5353-4E02-B3E5-C8CE1B3CD89B}.Release|iPhone.ActiveCfg = Release|Any CPU
		{9A17B86E-5353-4E02-B3E5-C8CE1B3CD89B}.Release|iPhone.Build.0 = Release|Any CPU
		{9A17B86E-5353-4E02-B3E5-C8CE1B3CD89B}.Release|iPhone.Deploy.0 = Release|Any CPU
		{9A17B86E-5353-4E02-B3E5-C8CE1B3CD89B}.Release|iPhoneSimulator.ActiveCfg = Release|Any CPU
		{9A17B86E-5353-4E02-B3E5-C8CE1B3CD89B}.Release|iPhoneSimulator.Build.0 = Release|Any CPU
		{9A17B86E-5353-4E02-B3E5-C8CE1B3CD89B}.Release|iPhoneSimulator.Deploy.0 = Release|Any CPU
		{9A17B86E-5353-4E02-B3E5-C8CE1B3CD89B}.Release|x64.ActiveCfg = Release|Any CPU
		{9A17B86E-5353-4E02-B3E5-C8CE1B3CD89B}.Release|x64.Build.0 = Release|Any CPU
		{9A17B86E-5353-4E02-B3E5-C8CE1B3CD89B}.Release|x64.Deploy.0 = Release|Any CPU
		{9A17B86E-5353-4E02-B3E5-C8CE1B3CD89B}.Release|x86.ActiveCfg = Release|Any CPU
		{9A17B86E-5353-4E02-B3E5-C8CE1B3CD89B}.Release|x86.Build.0 = Release|Any CPU
		{9A17B86E-5353-4E02-B3E5-C8CE1B3CD89B}.Release|x86.Deploy.0 = Release|Any CPU
		{304A91C5-0ECE-431B-AA16-4BC2E8E970DA}.Ad-Hoc|Any CPU.ActiveCfg = Ad-Hoc|iPhone
		{304A91C5-0ECE-431B-AA16-4BC2E8E970DA}.Ad-Hoc|ARM.ActiveCfg = Ad-Hoc|iPhone
		{304A91C5-0ECE-431B-AA16-4BC2E8E970DA}.Ad-Hoc|iPhone.ActiveCfg = Ad-Hoc|iPhone
		{304A91C5-0ECE-431B-AA16-4BC2E8E970DA}.Ad-Hoc|iPhone.Build.0 = Ad-Hoc|iPhone
		{304A91C5-0ECE-431B-AA16-4BC2E8E970DA}.Ad-Hoc|iPhoneSimulator.ActiveCfg = Ad-Hoc|iPhoneSimulator
		{304A91C5-0ECE-431B-AA16-4BC2E8E970DA}.Ad-Hoc|iPhoneSimulator.Build.0 = Ad-Hoc|iPhoneSimulator
		{304A91C5-0ECE-431B-AA16-4BC2E8E970DA}.Ad-Hoc|x64.ActiveCfg = Ad-Hoc|iPhone
		{304A91C5-0ECE-431B-AA16-4BC2E8E970DA}.Ad-Hoc|x86.ActiveCfg = Ad-Hoc|iPhone
		{304A91C5-0ECE-431B-AA16-4BC2E8E970DA}.AppStore|Any CPU.ActiveCfg = AppStore|iPhone
		{304A91C5-0ECE-431B-AA16-4BC2E8E970DA}.AppStore|ARM.ActiveCfg = AppStore|iPhone
		{304A91C5-0ECE-431B-AA16-4BC2E8E970DA}.AppStore|iPhone.ActiveCfg = AppStore|iPhone
		{304A91C5-0ECE-431B-AA16-4BC2E8E970DA}.AppStore|iPhone.Build.0 = AppStore|iPhone
		{304A91C5-0ECE-431B-AA16-4BC2E8E970DA}.AppStore|iPhoneSimulator.ActiveCfg = AppStore|iPhoneSimulator
		{304A91C5-0ECE-431B-AA16-4BC2E8E970DA}.AppStore|iPhoneSimulator.Build.0 = AppStore|iPhoneSimulator
		{304A91C5-0ECE-431B-AA16-4BC2E8E970DA}.AppStore|x64.ActiveCfg = AppStore|iPhone
		{304A91C5-0ECE-431B-AA16-4BC2E8E970DA}.AppStore|x86.ActiveCfg = AppStore|iPhone
		{304A91C5-0ECE-431B-AA16-4BC2E8E970DA}.Debug|Any CPU.ActiveCfg = Debug|iPhone
		{304A91C5-0ECE-431B-AA16-4BC2E8E970DA}.Debug|ARM.ActiveCfg = Debug|iPhone
		{304A91C5-0ECE-431B-AA16-4BC2E8E970DA}.Debug|iPhone.ActiveCfg = Debug|iPhone
		{304A91C5-0ECE-431B-AA16-4BC2E8E970DA}.Debug|iPhone.Build.0 = Debug|iPhone
		{304A91C5-0ECE-431B-AA16-4BC2E8E970DA}.Debug|iPhoneSimulator.ActiveCfg = Debug|iPhoneSimulator
		{304A91C5-0ECE-431B-AA16-4BC2E8E970DA}.Debug|iPhoneSimulator.Build.0 = Debug|iPhoneSimulator
		{304A91C5-0ECE-431B-AA16-4BC2E8E970DA}.Debug|x64.ActiveCfg = Debug|iPhone
		{304A91C5-0ECE-431B-AA16-4BC2E8E970DA}.Debug|x86.ActiveCfg = Debug|iPhone
		{304A91C5-0ECE-431B-AA16-4BC2E8E970DA}.Release|Any CPU.ActiveCfg = Release|iPhone
		{304A91C5-0ECE-431B-AA16-4BC2E8E970DA}.Release|ARM.ActiveCfg = Release|iPhone
		{304A91C5-0ECE-431B-AA16-4BC2E8E970DA}.Release|iPhone.ActiveCfg = Release|iPhone
		{304A91C5-0ECE-431B-AA16-4BC2E8E970DA}.Release|iPhone.Build.0 = Release|iPhone
		{304A91C5-0ECE-431B-AA16-4BC2E8E970DA}.Release|iPhoneSimulator.ActiveCfg = Release|iPhoneSimulator
		{304A91C5-0ECE-431B-AA16-4BC2E8E970DA}.Release|iPhoneSimulator.Build.0 = Release|iPhoneSimulator
		{304A91C5-0ECE-431B-AA16-4BC2E8E970DA}.Release|x64.ActiveCfg = Release|iPhone
		{304A91C5-0ECE-431B-AA16-4BC2E8E970DA}.Release|x86.ActiveCfg = Release|iPhone
		{BDA8066A-2750-4464-92B2-B629A0782B43}.Ad-Hoc|Any CPU.ActiveCfg = Debug|Any CPU
		{BDA8066A-2750-4464-92B2-B629A0782B43}.Ad-Hoc|Any CPU.Build.0 = Debug|Any CPU
		{BDA8066A-2750-4464-92B2-B629A0782B43}.Ad-Hoc|ARM.ActiveCfg = Debug|Any CPU
		{BDA8066A-2750-4464-92B2-B629A0782B43}.Ad-Hoc|ARM.Build.0 = Debug|Any CPU
		{BDA8066A-2750-4464-92B2-B629A0782B43}.Ad-Hoc|iPhone.ActiveCfg = Debug|Any CPU
		{BDA8066A-2750-4464-92B2-B629A0782B43}.Ad-Hoc|iPhone.Build.0 = Debug|Any CPU
		{BDA8066A-2750-4464-92B2-B629A0782B43}.Ad-Hoc|iPhoneSimulator.ActiveCfg = Debug|Any CPU
		{BDA8066A-2750-4464-92B2-B629A0782B43}.Ad-Hoc|iPhoneSimulator.Build.0 = Debug|Any CPU
		{BDA8066A-2750-4464-92B2-B629A0782B43}.Ad-Hoc|x64.ActiveCfg = Debug|Any CPU
		{BDA8066A-2750-4464-92B2-B629A0782B43}.Ad-Hoc|x64.Build.0 = Debug|Any CPU
		{BDA8066A-2750-4464-92B2-B629A0782B43}.Ad-Hoc|x86.ActiveCfg = Debug|Any CPU
		{BDA8066A-2750-4464-92B2-B629A0782B43}.Ad-Hoc|x86.Build.0 = Debug|Any CPU
		{BDA8066A-2750-4464-92B2-B629A0782B43}.AppStore|Any CPU.ActiveCfg = Debug|Any CPU
		{BDA8066A-2750-4464-92B2-B629A0782B43}.AppStore|Any CPU.Build.0 = Debug|Any CPU
		{BDA8066A-2750-4464-92B2-B629A0782B43}.AppStore|ARM.ActiveCfg = Debug|Any CPU
		{BDA8066A-2750-4464-92B2-B629A0782B43}.AppStore|ARM.Build.0 = Debug|Any CPU
		{BDA8066A-2750-4464-92B2-B629A0782B43}.AppStore|iPhone.ActiveCfg = Debug|Any CPU
		{BDA8066A-2750-4464-92B2-B629A0782B43}.AppStore|iPhone.Build.0 = Debug|Any CPU
		{BDA8066A-2750-4464-92B2-B629A0782B43}.AppStore|iPhoneSimulator.ActiveCfg = Debug|Any CPU
		{BDA8066A-2750-4464-92B2-B629A0782B43}.AppStore|iPhoneSimulator.Build.0 = Debug|Any CPU
		{BDA8066A-2750-4464-92B2-B629A0782B43}.AppStore|x64.ActiveCfg = Debug|Any CPU
		{BDA8066A-2750-4464-92B2-B629A0782B43}.AppStore|x64.Build.0 = Debug|Any CPU
		{BDA8066A-2750-4464-92B2-B629A0782B43}.AppStore|x86.ActiveCfg = Debug|Any CPU
		{BDA8066A-2750-4464-92B2-B629A0782B43}.AppStore|x86.Build.0 = Debug|Any CPU
		{BDA8066A-2750-4464-92B2-B629A0782B43}.Debug|Any CPU.ActiveCfg = Debug|Any CPU
		{BDA8066A-2750-4464-92B2-B629A0782B43}.Debug|Any CPU.Build.0 = Debug|Any CPU
		{BDA8066A-2750-4464-92B2-B629A0782B43}.Debug|ARM.ActiveCfg = Debug|Any CPU
		{BDA8066A-2750-4464-92B2-B629A0782B43}.Debug|ARM.Build.0 = Debug|Any CPU
		{BDA8066A-2750-4464-92B2-B629A0782B43}.Debug|iPhone.ActiveCfg = Debug|Any CPU
		{BDA8066A-2750-4464-92B2-B629A0782B43}.Debug|iPhone.Build.0 = Debug|Any CPU
		{BDA8066A-2750-4464-92B2-B629A0782B43}.Debug|iPhoneSimulator.ActiveCfg = Debug|Any CPU
		{BDA8066A-2750-4464-92B2-B629A0782B43}.Debug|iPhoneSimulator.Build.0 = Debug|Any CPU
		{BDA8066A-2750-4464-92B2-B629A0782B43}.Debug|x64.ActiveCfg = Debug|Any CPU
		{BDA8066A-2750-4464-92B2-B629A0782B43}.Debug|x64.Build.0 = Debug|Any CPU
		{BDA8066A-2750-4464-92B2-B629A0782B43}.Debug|x86.ActiveCfg = Debug|Any CPU
		{BDA8066A-2750-4464-92B2-B629A0782B43}.Debug|x86.Build.0 = Debug|Any CPU
		{BDA8066A-2750-4464-92B2-B629A0782B43}.Release|Any CPU.ActiveCfg = Release|Any CPU
		{BDA8066A-2750-4464-92B2-B629A0782B43}.Release|Any CPU.Build.0 = Release|Any CPU
		{BDA8066A-2750-4464-92B2-B629A0782B43}.Release|ARM.ActiveCfg = Release|Any CPU
		{BDA8066A-2750-4464-92B2-B629A0782B43}.Release|ARM.Build.0 = Release|Any CPU
		{BDA8066A-2750-4464-92B2-B629A0782B43}.Release|iPhone.ActiveCfg = Release|Any CPU
		{BDA8066A-2750-4464-92B2-B629A0782B43}.Release|iPhone.Build.0 = Release|Any CPU
		{BDA8066A-2750-4464-92B2-B629A0782B43}.Release|iPhoneSimulator.ActiveCfg = Release|Any CPU
		{BDA8066A-2750-4464-92B2-B629A0782B43}.Release|iPhoneSimulator.Build.0 = Release|Any CPU
		{BDA8066A-2750-4464-92B2-B629A0782B43}.Release|x64.ActiveCfg = Release|Any CPU
		{BDA8066A-2750-4464-92B2-B629A0782B43}.Release|x64.Build.0 = Release|Any CPU
		{BDA8066A-2750-4464-92B2-B629A0782B43}.Release|x86.ActiveCfg = Release|Any CPU
		{BDA8066A-2750-4464-92B2-B629A0782B43}.Release|x86.Build.0 = Release|Any CPU
	EndGlobalSection
	GlobalSection(SolutionProperties) = preSolution
		HideSolutionNode = FALSE
	EndGlobalSection
	GlobalSection(ExtensibilityGlobals) = postSolution
		SolutionGuid = {1FB93A19-5E12-42FE-92A1-5CD7374274BA}
	EndGlobalSection
EndGlobal
