
Microsoft Visual Studio Solution File, Format Version 12.00
# Visual Studio 15
VisualStudioVersion = 15.0.26730.12
MinimumVisualStudioVersion = 10.0.40219.1
Project("{FAE04EC0-301F-11D3-BF4B-00C04F79EFBC}") = "Countr.Droid", "Countr.Droid\Countr.Droid.csproj", "{9A17B86E-5353-4E02-B3E5-C8CE1B3CD89B}"
EndProject
Project("{9A19103F-16F7-4668-BE54-9A1E7A4F7556}") = "Countr.Core", "Countr.Core\Countr.Core.csproj", "{6A740AC0-3385-47EC-BA49-C0691A245A70}"
EndProject
Project("{FAE04EC0-301F-11D3-BF4B-00C04F79EFBC}") = "Countr.iOS", "Countr.iOS\Countr.iOS.csproj", "{304A91C5-0ECE-431B-AA16-4BC2E8E970DA}"
EndProject
Project("{FAE04EC0-301F-11D3-BF4B-00C04F79EFBC}") = "Countr.UWP", "Countr.UWP\Countr.UWP.csproj", "{DB690D10-5EDD-45F6-B609-51AEA2B913DD}"
EndProject
Project("{FAE04EC0-301F-11D3-BF4B-00C04F79EFBC}") = "Countr.WPF", "Countr.WPF\Countr.WPF.csproj", "{53E3C319-4834-4446-A415-5086F73FD8B2}"
EndProject
Global
	GlobalSection(SolutionConfigurationPlatforms) = preSolution
		Ad-Hoc|Any CPU = Ad-Hoc|Any CPU
		Ad-Hoc|ARM = Ad-Hoc|ARM
		Ad-Hoc|iPhone = Ad-Hoc|iPhone
		Ad-Hoc|iPhoneSimulator = Ad-Hoc|iPhoneSimulator
		Ad-Hoc|x64 = Ad-Hoc|x64
		Ad-Hoc|x86 = Ad-Hoc|x86
		AppStore|Any CPU = AppStore|Any CPU
		AppStore|ARM = AppStore|ARM
		AppStore|iPhone = AppStore|iPhone
		AppStore|iPhoneSimulator = AppStore|iPhoneSimulator
		AppStore|x64 = AppStore|x64
		AppStore|x86 = AppStore|x86
		Debug|Any CPU = Debug|Any CPU
		Debug|ARM = Debug|ARM
		Debug|iPhone = Debug|iPhone
		Debug|iPhoneSimulator = Debug|iPhoneSimulator
		Debug|x64 = Debug|x64
		Debug|x86 = Debug|x86
		Release|Any CPU = Release|Any CPU
		Release|ARM = Release|ARM
		Release|iPhone = Release|iPhone
		Release|iPhoneSimulator = Release|iPhoneSimulator
		Release|x64 = Release|x64
		Release|x86 = Release|x86
	EndGlobalSection
	GlobalSection(ProjectConfigurationPlatforms) = postSolution
		{9A17B86E-5353-4E02-B3E5-C8CE1B3CD89B}.Ad-Hoc|Any CPU.ActiveCfg = Release|Any CPU
		{9A17B86E-5353-4E02-B3E5-C8CE1B3CD89B}.Ad-Hoc|Any CPU.Build.0 = Release|Any CPU
		{9A17B86E-5353-4E02-B3E5-C8CE1B3CD89B}.Ad-Hoc|Any CPU.Deploy.0 = Release|Any CPU
		{9A17B86E-5353-4E02-B3E5-C8CE1B3CD89B}.Ad-Hoc|ARM.ActiveCfg = Release|Any CPU
		{9A17B86E-5353-4E02-B3E5-C8CE1B3CD89B}.Ad-Hoc|ARM.Build.0 = Release|Any CPU
		{9A17B86E-5353-4E02-B3E5-C8CE1B3CD89B}.Ad-Hoc|ARM.Deploy.0 = Release|Any CPU
		{9A17B86E-5353-4E02-B3E5-C8CE1B3CD89B}.Ad-Hoc|iPhone.ActiveCfg = Release|Any CPU
		{9A17B86E-5353-4E02-B3E5-C8CE1B3CD89B}.Ad-Hoc|iPhone.Build.0 = Release|Any CPU
		{9A17B86E-5353-4E02-B3E5-C8CE1B3CD89B}.Ad-Hoc|iPhone.Deploy.0 = Release|Any CPU
		{9A17B86E-5353-4E02-B3E5-C8CE1B3CD89B}.Ad-Hoc|iPhoneSimulator.ActiveCfg = Release|Any CPU
		{9A17B86E-5353-4E02-B3E5-C8CE1B3CD89B}.Ad-Hoc|iPhoneSimulator.Build.0 = Release|Any CPU
		{9A17B86E-5353-4E02-B3E5-C8CE1B3CD89B}.Ad-Hoc|iPhoneSimulator.Deploy.0 = Release|Any CPU
		{9A17B86E-5353-4E02-B3E5-C8CE1B3CD89B}.Ad-Hoc|x64.ActiveCfg = Release|Any CPU
		{9A17B86E-5353-4E02-B3E5-C8CE1B3CD89B}.Ad-Hoc|x64.Build.0 = Release|Any CPU
		{9A17B86E-5353-4E02-B3E5-C8CE1B3CD89B}.Ad-Hoc|x64.Deploy.0 = Release|Any CPU
		{9A17B86E-5353-4E02-B3E5-C8CE1B3CD89B}.Ad-Hoc|x86.ActiveCfg = Release|Any CPU
		{9A17B86E-5353-4E02-B3E5-C8CE1B3CD89B}.Ad-Hoc|x86.Build.0 = Release|Any CPU
		{9A17B86E-5353-4E02-B3E5-C8CE1B3CD89B}.Ad-Hoc|x86.Deploy.0 = Release|Any CPU
		{9A17B86E-5353-4E02-B3E5-C8CE1B3CD89B}.AppStore|Any CPU.ActiveCfg = Release|Any CPU
		{9A17B86E-5353-4E02-B3E5-C8CE1B3CD89B}.AppStore|Any CPU.Build.0 = Release|Any CPU
		{9A17B86E-5353-4E02-B3E5-C8CE1B3CD89B}.AppStore|Any CPU.Deploy.0 = Release|Any CPU
		{9A17B86E-5353-4E02-B3E5-C8CE1B3CD89B}.AppStore|ARM.ActiveCfg = Release|Any CPU
		{9A17B86E-5353-4E02-B3E5-C8CE1B3CD89B}.AppStore|ARM.Build.0 = Release|Any CPU
		{9A17B86E-5353-4E02-B3E5-C8CE1B3CD89B}.AppStore|ARM.Deploy.0 = Release|Any CPU
		{9A17B86E-5353-4E02-B3E5-C8CE1B3CD89B}.AppStore|iPhone.ActiveCfg = Release|Any CPU
		{9A17B86E-5353-4E02-B3E5-C8CE1B3CD89B}.AppStore|iPhone.Build.0 = Release|Any CPU
		{9A17B86E-5353-4E02-B3E5-C8CE1B3CD89B}.AppStore|iPhone.Deploy.0 = Release|Any CPU
		{9A17B86E-5353-4E02-B3E5-C8CE1B3CD89B}.AppStore|iPhoneSimulator.ActiveCfg = Release|Any CPU
		{9A17B86E-5353-4E02-B3E5-C8CE1B3CD89B}.AppStore|iPhoneSimulator.Build.0 = Release|Any CPU
		{9A17B86E-5353-4E02-B3E5-C8CE1B3CD89B}.AppStore|iPhoneSimulator.Deploy.0 = Release|Any CPU
		{9A17B86E-5353-4E02-B3E5-C8CE1B3CD89B}.AppStore|x64.ActiveCfg = Release|Any CPU
		{9A17B86E-5353-4E02-B3E5-C8CE1B3CD89B}.AppStore|x64.Build.0 = Release|Any CPU
		{9A17B86E-5353-4E02-B3E5-C8CE1B3CD89B}.AppStore|x64.Deploy.0 = Release|Any CPU
		{9A17B86E-5353-4E02-B3E5-C8CE1B3CD89B}.AppStore|x86.ActiveCfg = Release|Any CPU
		{9A17B86E-5353-4E02-B3E5-C8CE1B3CD89B}.AppStore|x86.Build.0 = Release|Any CPU
		{9A17B86E-5353-4E02-B3E5-C8CE1B3CD89B}.AppStore|x86.Deploy.0 = Release|Any CPU
		{9A17B86E-5353-4E02-B3E5-C8CE1B3CD89B}.Debug|Any CPU.ActiveCfg = Debug|Any CPU
		{9A17B86E-5353-4E02-B3E5-C8CE1B3CD89B}.Debug|Any CPU.Build.0 = Debug|Any CPU
		{9A17B86E-5353-4E02-B3E5-C8CE1B3CD89B}.Debug|ARM.ActiveCfg = Debug|Any CPU
		{9A17B86E-5353-4E02-B3E5-C8CE1B3CD89B}.Debug|ARM.Build.0 = Debug|Any CPU
		{9A17B86E-5353-4E02-B3E5-C8CE1B3CD89B}.Debug|ARM.Deploy.0 = Debug|Any CPU
		{9A17B86E-5353-4E02-B3E5-C8CE1B3CD89B}.Debug|iPhone.ActiveCfg = Debug|Any CPU
		{9A17B86E-5353-4E02-B3E5-C8CE1B3CD89B}.Debug|iPhone.Build.0 = Debug|Any CPU
		{9A17B86E-5353-4E02-B3E5-C8CE1B3CD89B}.Debug|iPhone.Deploy.0 = Debug|Any CPU
		{9A17B86E-5353-4E02-B3E5-C8CE1B3CD89B}.Debug|iPhoneSimulator.ActiveCfg = Debug|Any CPU
		{9A17B86E-5353-4E02-B3E5-C8CE1B3CD89B}.Debug|iPhoneSimulator.Build.0 = Debug|Any CPU
		{9A17B86E-5353-4E02-B3E5-C8CE1B3CD89B}.Debug|iPhoneSimulator.Deploy.0 = Debug|Any CPU
		{9A17B86E-5353-4E02-B3E5-C8CE1B3CD89B}.Debug|x64.ActiveCfg = Debug|Any CPU
		{9A17B86E-5353-4E02-B3E5-C8CE1B3CD89B}.Debug|x64.Build.0 = Debug|Any CPU
		{9A17B86E-5353-4E02-B3E5-C8CE1B3CD89B}.Debug|x64.Deploy.0 = Debug|Any CPU
		{9A17B86E-5353-4E02-B3E5-C8CE1B3CD89B}.Debug|x86.ActiveCfg = Debug|Any CPU
		{9A17B86E-5353-4E02-B3E5-C8CE1B3CD89B}.Debug|x86.Build.0 = Debug|Any CPU
		{9A17B86E-5353-4E02-B3E5-C8CE1B3CD89B}.Debug|x86.Deploy.0 = Debug|Any CPU
		{9A17B86E-5353-4E02-B3E5-C8CE1B3CD89B}.Release|Any CPU.ActiveCfg = Release|Any CPU
		{9A17B86E-5353-4E02-B3E5-C8CE1B3CD89B}.Release|ARM.ActiveCfg = Release|Any CPU
		{9A17B86E-5353-4E02-B3E5-C8CE1B3CD89B}.Release|ARM.Build.0 = Release|Any CPU
		{9A17B86E-5353-4E02-B3E5-C8CE1B3CD89B}.Release|ARM.Deploy.0 = Release|Any CPU
		{9A17B86E-5353-4E02-B3E5-C8CE1B3CD89B}.Release|iPhone.ActiveCfg = Release|Any CPU
		{9A17B86E-5353-4E02-B3E5-C8CE1B3CD89B}.Release|iPhone.Build.0 = Release|Any CPU
		{9A17B86E-5353-4E02-B3E5-C8CE1B3CD89B}.Release|iPhone.Deploy.0 = Release|Any CPU
		{9A17B86E-5353-4E02-B3E5-C8CE1B3CD89B}.Release|iPhoneSimulator.ActiveCfg = Release|Any CPU
		{9A17B86E-5353-4E02-B3E5-C8CE1B3CD89B}.Release|iPhoneSimulator.Build.0 = Release|Any CPU
		{9A17B86E-5353-4E02-B3E5-C8CE1B3CD89B}.Release|iPhoneSimulator.Deploy.0 = Release|Any CPU
		{9A17B86E-5353-4E02-B3E5-C8CE1B3CD89B}.Release|x64.ActiveCfg = Release|Any CPU
		{9A17B86E-5353-4E02-B3E5-C8CE1B3CD89B}.Release|x64.Build.0 = Release|Any CPU
		{9A17B86E-5353-4E02-B3E5-C8CE1B3CD89B}.Release|x64.Deploy.0 = Release|Any CPU
		{9A17B86E-5353-4E02-B3E5-C8CE1B3CD89B}.Release|x86.ActiveCfg = Release|Any CPU
		{9A17B86E-5353-4E02-B3E5-C8CE1B3CD89B}.Release|x86.Build.0 = Release|Any CPU
		{9A17B86E-5353-4E02-B3E5-C8CE1B3CD89B}.Release|x86.Deploy.0 = Release|Any CPU
		{6A740AC0-3385-47EC-BA49-C0691A245A70}.Ad-Hoc|Any CPU.ActiveCfg = Release|Any CPU
		{6A740AC0-3385-47EC-BA49-C0691A245A70}.Ad-Hoc|Any CPU.Build.0 = Release|Any CPU
		{6A740AC0-3385-47EC-BA49-C0691A245A70}.Ad-Hoc|ARM.ActiveCfg = Release|Any CPU
		{6A740AC0-3385-47EC-BA49-C0691A245A70}.Ad-Hoc|ARM.Build.0 = Release|Any CPU
		{6A740AC0-3385-47EC-BA49-C0691A245A70}.Ad-Hoc|iPhone.ActiveCfg = Release|Any CPU
		{6A740AC0-3385-47EC-BA49-C0691A245A70}.Ad-Hoc|iPhone.Build.0 = Release|Any CPU
		{6A740AC0-3385-47EC-BA49-C0691A245A70}.Ad-Hoc|iPhoneSimulator.ActiveCfg = Release|Any CPU
		{6A740AC0-3385-47EC-BA49-C0691A245A70}.Ad-Hoc|iPhoneSimulator.Build.0 = Release|Any CPU
		{6A740AC0-3385-47EC-BA49-C0691A245A70}.Ad-Hoc|x64.ActiveCfg = Release|Any CPU
		{6A740AC0-3385-47EC-BA49-C0691A245A70}.Ad-Hoc|x64.Build.0 = Release|Any CPU
		{6A740AC0-3385-47EC-BA49-C0691A245A70}.Ad-Hoc|x86.ActiveCfg = Release|Any CPU
		{6A740AC0-3385-47EC-BA49-C0691A245A70}.Ad-Hoc|x86.Build.0 = Release|Any CPU
		{6A740AC0-3385-47EC-BA49-C0691A245A70}.AppStore|Any CPU.ActiveCfg = Release|Any CPU
		{6A740AC0-3385-47EC-BA49-C0691A245A70}.AppStore|Any CPU.Build.0 = Release|Any CPU
		{6A740AC0-3385-47EC-BA49-C0691A245A70}.AppStore|ARM.ActiveCfg = Release|Any CPU
		{6A740AC0-3385-47EC-BA49-C0691A245A70}.AppStore|ARM.Build.0 = Release|Any CPU
		{6A740AC0-3385-47EC-BA49-C0691A245A70}.AppStore|iPhone.ActiveCfg = Release|Any CPU
		{6A740AC0-3385-47EC-BA49-C0691A245A70}.AppStore|iPhone.Build.0 = Release|Any CPU
		{6A740AC0-3385-47EC-BA49-C0691A245A70}.AppStore|iPhoneSimulator.ActiveCfg = Release|Any CPU
		{6A740AC0-3385-47EC-BA49-C0691A245A70}.AppStore|iPhoneSimulator.Build.0 = Release|Any CPU
		{6A740AC0-3385-47EC-BA49-C0691A245A70}.AppStore|x64.ActiveCfg = Release|Any CPU
		{6A740AC0-3385-47EC-BA49-C0691A245A70}.AppStore|x64.Build.0 = Release|Any CPU
		{6A740AC0-3385-47EC-BA49-C0691A245A70}.AppStore|x86.ActiveCfg = Release|Any CPU
		{6A740AC0-3385-47EC-BA49-C0691A245A70}.AppStore|x86.Build.0 = Release|Any CPU
		{6A740AC0-3385-47EC-BA49-C0691A245A70}.Debug|Any CPU.ActiveCfg = Debug|Any CPU
		{6A740AC0-3385-47EC-BA49-C0691A245A70}.Debug|Any CPU.Build.0 = Debug|Any CPU
		{6A740AC0-3385-47EC-BA49-C0691A245A70}.Debug|ARM.ActiveCfg = Debug|Any CPU
		{6A740AC0-3385-47EC-BA49-C0691A245A70}.Debug|ARM.Build.0 = Debug|Any CPU
		{6A740AC0-3385-47EC-BA49-C0691A245A70}.Debug|iPhone.ActiveCfg = Debug|Any CPU
		{6A740AC0-3385-47EC-BA49-C0691A245A70}.Debug|iPhone.Build.0 = Debug|Any CPU
		{6A740AC0-3385-47EC-BA49-C0691A245A70}.Debug|iPhoneSimulator.ActiveCfg = Debug|Any CPU
		{6A740AC0-3385-47EC-BA49-C0691A245A70}.Debug|iPhoneSimulator.Build.0 = Debug|Any CPU
		{6A740AC0-3385-47EC-BA49-C0691A245A70}.Debug|x64.ActiveCfg = Debug|Any CPU
		{6A740AC0-3385-47EC-BA49-C0691A245A70}.Debug|x64.Build.0 = Debug|Any CPU
		{6A740AC0-3385-47EC-BA49-C0691A245A70}.Debug|x86.ActiveCfg = Debug|Any CPU
		{6A740AC0-3385-47EC-BA49-C0691A245A70}.Debug|x86.Build.0 = Debug|Any CPU
		{6A740AC0-3385-47EC-BA49-C0691A245A70}.Release|Any CPU.ActiveCfg = Release|Any CPU
		{6A740AC0-3385-47EC-BA49-C0691A245A70}.Release|ARM.ActiveCfg = Release|Any CPU
		{6A740AC0-3385-47EC-BA49-C0691A245A70}.Release|ARM.Build.0 = Release|Any CPU
		{6A740AC0-3385-47EC-BA49-C0691A245A70}.Release|iPhone.ActiveCfg = Release|Any CPU
		{6A740AC0-3385-47EC-BA49-C0691A245A70}.Release|iPhone.Build.0 = Release|Any CPU
		{6A740AC0-3385-47EC-BA49-C0691A245A70}.Release|iPhoneSimulator.ActiveCfg = Release|Any CPU
		{6A740AC0-3385-47EC-BA49-C0691A245A70}.Release|iPhoneSimulator.Build.0 = Release|Any CPU
		{6A740AC0-3385-47EC-BA49-C0691A245A70}.Release|x64.ActiveCfg = Release|Any CPU
		{6A740AC0-3385-47EC-BA49-C0691A245A70}.Release|x64.Build.0 = Release|Any CPU
		{6A740AC0-3385-47EC-BA49-C0691A245A70}.Release|x86.ActiveCfg = Release|Any CPU
		{6A740AC0-3385-47EC-BA49-C0691A245A70}.Release|x86.Build.0 = Release|Any CPU
		{304A91C5-0ECE-431B-AA16-4BC2E8E970DA}.Ad-Hoc|Any CPU.ActiveCfg = Ad-Hoc|iPhone
		{304A91C5-0ECE-431B-AA16-4BC2E8E970DA}.Ad-Hoc|ARM.ActiveCfg = Ad-Hoc|iPhone
		{304A91C5-0ECE-431B-AA16-4BC2E8E970DA}.Ad-Hoc|iPhone.ActiveCfg = Ad-Hoc|iPhone
		{304A91C5-0ECE-431B-AA16-4BC2E8E970DA}.Ad-Hoc|iPhone.Build.0 = Ad-Hoc|iPhone
		{304A91C5-0ECE-431B-AA16-4BC2E8E970DA}.Ad-Hoc|iPhoneSimulator.ActiveCfg = Ad-Hoc|iPhoneSimulator
		{304A91C5-0ECE-431B-AA16-4BC2E8E970DA}.Ad-Hoc|iPhoneSimulator.Build.0 = Ad-Hoc|iPhoneSimulator
		{304A91C5-0ECE-431B-AA16-4BC2E8E970DA}.Ad-Hoc|x64.ActiveCfg = Ad-Hoc|iPhone
		{304A91C5-0ECE-431B-AA16-4BC2E8E970DA}.Ad-Hoc|x86.ActiveCfg = Ad-Hoc|iPhone
		{304A91C5-0ECE-431B-AA16-4BC2E8E970DA}.AppStore|Any CPU.ActiveCfg = AppStore|iPhone
		{304A91C5-0ECE-431B-AA16-4BC2E8E970DA}.AppStore|ARM.ActiveCfg = AppStore|iPhone
		{304A91C5-0ECE-431B-AA16-4BC2E8E970DA}.AppStore|iPhone.ActiveCfg = AppStore|iPhone
		{304A91C5-0ECE-431B-AA16-4BC2E8E970DA}.AppStore|iPhone.Build.0 = AppStore|iPhone
		{304A91C5-0ECE-431B-AA16-4BC2E8E970DA}.AppStore|iPhoneSimulator.ActiveCfg = AppStore|iPhoneSimulator
		{304A91C5-0ECE-431B-AA16-4BC2E8E970DA}.AppStore|iPhoneSimulator.Build.0 = AppStore|iPhoneSimulator
		{304A91C5-0ECE-431B-AA16-4BC2E8E970DA}.AppStore|x64.ActiveCfg = AppStore|iPhone
		{304A91C5-0ECE-431B-AA16-4BC2E8E970DA}.AppStore|x86.ActiveCfg = AppStore|iPhone
		{304A91C5-0ECE-431B-AA16-4BC2E8E970DA}.Debug|Any CPU.ActiveCfg = Debug|iPhoneSimulator
		{304A91C5-0ECE-431B-AA16-4BC2E8E970DA}.Debug|Any CPU.Build.0 = Debug|iPhoneSimulator
		{304A91C5-0ECE-431B-AA16-4BC2E8E970DA}.Debug|ARM.ActiveCfg = Debug|iPhone
		{304A91C5-0ECE-431B-AA16-4BC2E8E970DA}.Debug|iPhone.ActiveCfg = Debug|iPhone
		{304A91C5-0ECE-431B-AA16-4BC2E8E970DA}.Debug|iPhone.Build.0 = Debug|iPhone
		{304A91C5-0ECE-431B-AA16-4BC2E8E970DA}.Debug|iPhoneSimulator.ActiveCfg = Debug|iPhoneSimulator
		{304A91C5-0ECE-431B-AA16-4BC2E8E970DA}.Debug|iPhoneSimulator.Build.0 = Debug|iPhoneSimulator
		{304A91C5-0ECE-431B-AA16-4BC2E8E970DA}.Debug|x64.ActiveCfg = Debug|iPhone
		{304A91C5-0ECE-431B-AA16-4BC2E8E970DA}.Debug|x86.ActiveCfg = Debug|iPhone
		{304A91C5-0ECE-431B-AA16-4BC2E8E970DA}.Release|Any CPU.ActiveCfg = Release|iPhone
		{304A91C5-0ECE-431B-AA16-4BC2E8E970DA}.Release|ARM.ActiveCfg = Release|iPhone
		{304A91C5-0ECE-431B-AA16-4BC2E8E970DA}.Release|iPhone.ActiveCfg = Release|iPhone
		{304A91C5-0ECE-431B-AA16-4BC2E8E970DA}.Release|iPhone.Build.0 = Release|iPhone
		{304A91C5-0ECE-431B-AA16-4BC2E8E970DA}.Release|iPhoneSimulator.ActiveCfg = Release|iPhoneSimulator
		{304A91C5-0ECE-431B-AA16-4BC2E8E970DA}.Release|iPhoneSimulator.Build.0 = Release|iPhoneSimulator
		{304A91C5-0ECE-431B-AA16-4BC2E8E970DA}.Release|x64.ActiveCfg = Release|iPhone
		{304A91C5-0ECE-431B-AA16-4BC2E8E970DA}.Release|x86.ActiveCfg = Release|iPhone
		{DB690D10-5EDD-45F6-B609-51AEA2B913DD}.Ad-Hoc|Any CPU.ActiveCfg = Release|x64
		{DB690D10-5EDD-45F6-B609-51AEA2B913DD}.Ad-Hoc|Any CPU.Build.0 = Release|x64
		{DB690D10-5EDD-45F6-B609-51AEA2B913DD}.Ad-Hoc|Any CPU.Deploy.0 = Release|x64
		{DB690D10-5EDD-45F6-B609-51AEA2B913DD}.Ad-Hoc|ARM.ActiveCfg = Release|ARM
		{DB690D10-5EDD-45F6-B609-51AEA2B913DD}.Ad-Hoc|ARM.Build.0 = Release|ARM
		{DB690D10-5EDD-45F6-B609-51AEA2B913DD}.Ad-Hoc|ARM.Deploy.0 = Release|ARM
		{DB690D10-5EDD-45F6-B609-51AEA2B913DD}.Ad-Hoc|iPhone.ActiveCfg = Release|x64
		{DB690D10-5EDD-45F6-B609-51AEA2B913DD}.Ad-Hoc|iPhone.Build.0 = Release|x64
		{DB690D10-5EDD-45F6-B609-51AEA2B913DD}.Ad-Hoc|iPhone.Deploy.0 = Release|x64
		{DB690D10-5EDD-45F6-B609-51AEA2B913DD}.Ad-Hoc|iPhoneSimulator.ActiveCfg = Release|x64
		{DB690D10-5EDD-45F6-B609-51AEA2B913DD}.Ad-Hoc|iPhoneSimulator.Build.0 = Release|x64
		{DB690D10-5EDD-45F6-B609-51AEA2B913DD}.Ad-Hoc|iPhoneSimulator.Deploy.0 = Release|x64
		{DB690D10-5EDD-45F6-B609-51AEA2B913DD}.Ad-Hoc|x64.ActiveCfg = Release|x64
		{DB690D10-5EDD-45F6-B609-51AEA2B913DD}.Ad-Hoc|x64.Build.0 = Release|x64
		{DB690D10-5EDD-45F6-B609-51AEA2B913DD}.Ad-Hoc|x64.Deploy.0 = Release|x64
		{DB690D10-5EDD-45F6-B609-51AEA2B913DD}.Ad-Hoc|x86.ActiveCfg = Release|x86
		{DB690D10-5EDD-45F6-B609-51AEA2B913DD}.Ad-Hoc|x86.Build.0 = Release|x86
		{DB690D10-5EDD-45F6-B609-51AEA2B913DD}.Ad-Hoc|x86.Deploy.0 = Release|x86
		{DB690D10-5EDD-45F6-B609-51AEA2B913DD}.AppStore|Any CPU.ActiveCfg = Release|x64
		{DB690D10-5EDD-45F6-B609-51AEA2B913DD}.AppStore|Any CPU.Build.0 = Release|x64
		{DB690D10-5EDD-45F6-B609-51AEA2B913DD}.AppStore|Any CPU.Deploy.0 = Release|x64
		{DB690D10-5EDD-45F6-B609-51AEA2B913DD}.AppStore|ARM.ActiveCfg = Release|ARM
		{DB690D10-5EDD-45F6-B609-51AEA2B913DD}.AppStore|ARM.Build.0 = Release|ARM
		{DB690D10-5EDD-45F6-B609-51AEA2B913DD}.AppStore|ARM.Deploy.0 = Release|ARM
		{DB690D10-5EDD-45F6-B609-51AEA2B913DD}.AppStore|iPhone.ActiveCfg = Release|x64
		{DB690D10-5EDD-45F6-B609-51AEA2B913DD}.AppStore|iPhone.Build.0 = Release|x64
		{DB690D10-5EDD-45F6-B609-51AEA2B913DD}.AppStore|iPhone.Deploy.0 = Release|x64
		{DB690D10-5EDD-45F6-B609-51AEA2B913DD}.AppStore|iPhoneSimulator.ActiveCfg = Release|x64
		{DB690D10-5EDD-45F6-B609-51AEA2B913DD}.AppStore|iPhoneSimulator.Build.0 = Release|x64
		{DB690D10-5EDD-45F6-B609-51AEA2B913DD}.AppStore|iPhoneSimulator.Deploy.0 = Release|x64
		{DB690D10-5EDD-45F6-B609-51AEA2B913DD}.AppStore|x64.ActiveCfg = Release|x64
		{DB690D10-5EDD-45F6-B609-51AEA2B913DD}.AppStore|x64.Build.0 = Release|x64
		{DB690D10-5EDD-45F6-B609-51AEA2B913DD}.AppStore|x64.Deploy.0 = Release|x64
		{DB690D10-5EDD-45F6-B609-51AEA2B913DD}.AppStore|x86.ActiveCfg = Release|x86
		{DB690D10-5EDD-45F6-B609-51AEA2B913DD}.AppStore|x86.Build.0 = Release|x86
		{DB690D10-5EDD-45F6-B609-51AEA2B913DD}.AppStore|x86.Deploy.0 = Release|x86
		{DB690D10-5EDD-45F6-B609-51AEA2B913DD}.Debug|Any CPU.ActiveCfg = Debug|x86
		{DB690D10-5EDD-45F6-B609-51AEA2B913DD}.Debug|ARM.ActiveCfg = Debug|ARM
		{DB690D10-5EDD-45F6-B609-51AEA2B913DD}.Debug|ARM.Build.0 = Debug|ARM
		{DB690D10-5EDD-45F6-B609-51AEA2B913DD}.Debug|ARM.Deploy.0 = Debug|ARM
		{DB690D10-5EDD-45F6-B609-51AEA2B913DD}.Debug|iPhone.ActiveCfg = Debug|x86
		{DB690D10-5EDD-45F6-B609-51AEA2B913DD}.Debug|iPhoneSimulator.ActiveCfg = Debug|x86
		{DB690D10-5EDD-45F6-B609-51AEA2B913DD}.Debug|x64.ActiveCfg = Debug|x64
		{DB690D10-5EDD-45F6-B609-51AEA2B913DD}.Debug|x64.Build.0 = Debug|x64
		{DB690D10-5EDD-45F6-B609-51AEA2B913DD}.Debug|x64.Deploy.0 = Debug|x64
		{DB690D10-5EDD-45F6-B609-51AEA2B913DD}.Debug|x86.ActiveCfg = Debug|x86
		{DB690D10-5EDD-45F6-B609-51AEA2B913DD}.Debug|x86.Build.0 = Debug|x86
		{DB690D10-5EDD-45F6-B609-51AEA2B913DD}.Debug|x86.Deploy.0 = Debug|x86
		{DB690D10-5EDD-45F6-B609-51AEA2B913DD}.Release|Any CPU.ActiveCfg = Release|x86
		{DB690D10-5EDD-45F6-B609-51AEA2B913DD}.Release|ARM.ActiveCfg = Release|ARM
		{DB690D10-5EDD-45F6-B609-51AEA2B913DD}.Release|ARM.Build.0 = Release|ARM
		{DB690D10-5EDD-45F6-B609-51AEA2B913DD}.Release|ARM.Deploy.0 = Release|ARM
		{DB690D10-5EDD-45F6-B609-51AEA2B913DD}.Release|iPhone.ActiveCfg = Release|x86
		{DB690D10-5EDD-45F6-B609-51AEA2B913DD}.Release|iPhoneSimulator.ActiveCfg = Release|x86
		{DB690D10-5EDD-45F6-B609-51AEA2B913DD}.Release|x64.ActiveCfg = Release|x64
		{DB690D10-5EDD-45F6-B609-51AEA2B913DD}.Release|x64.Build.0 = Release|x64
		{DB690D10-5EDD-45F6-B609-51AEA2B913DD}.Release|x64.Deploy.0 = Release|x64
		{DB690D10-5EDD-45F6-B609-51AEA2B913DD}.Release|x86.ActiveCfg = Release|x86
		{DB690D10-5EDD-45F6-B609-51AEA2B913DD}.Release|x86.Build.0 = Release|x86
		{DB690D10-5EDD-45F6-B609-51AEA2B913DD}.Release|x86.Deploy.0 = Release|x86
		{53E3C319-4834-4446-A415-5086F73FD8B2}.Ad-Hoc|Any CPU.ActiveCfg = Release|Any CPU
		{53E3C319-4834-4446-A415-5086F73FD8B2}.Ad-Hoc|Any CPU.Build.0 = Release|Any CPU
		{53E3C319-4834-4446-A415-5086F73FD8B2}.Ad-Hoc|ARM.ActiveCfg = Release|Any CPU
		{53E3C319-4834-4446-A415-5086F73FD8B2}.Ad-Hoc|ARM.Build.0 = Release|Any CPU
		{53E3C319-4834-4446-A415-5086F73FD8B2}.Ad-Hoc|iPhone.ActiveCfg = Release|Any CPU
		{53E3C319-4834-4446-A415-5086F73FD8B2}.Ad-Hoc|iPhone.Build.0 = Release|Any CPU
		{53E3C319-4834-4446-A415-5086F73FD8B2}.Ad-Hoc|iPhoneSimulator.ActiveCfg = Release|Any CPU
		{53E3C319-4834-4446-A415-5086F73FD8B2}.Ad-Hoc|iPhoneSimulator.Build.0 = Release|Any CPU
		{53E3C319-4834-4446-A415-5086F73FD8B2}.Ad-Hoc|x64.ActiveCfg = Release|Any CPU
		{53E3C319-4834-4446-A415-5086F73FD8B2}.Ad-Hoc|x64.Build.0 = Release|Any CPU
		{53E3C319-4834-4446-A415-5086F73FD8B2}.Ad-Hoc|x86.ActiveCfg = Release|Any CPU
		{53E3C319-4834-4446-A415-5086F73FD8B2}.Ad-Hoc|x86.Build.0 = Release|Any CPU
		{53E3C319-4834-4446-A415-5086F73FD8B2}.AppStore|Any CPU.ActiveCfg = Release|Any CPU
		{53E3C319-4834-4446-A415-5086F73FD8B2}.AppStore|Any CPU.Build.0 = Release|Any CPU
		{53E3C319-4834-4446-A415-5086F73FD8B2}.AppStore|ARM.ActiveCfg = Release|Any CPU
		{53E3C319-4834-4446-A415-5086F73FD8B2}.AppStore|ARM.Build.0 = Release|Any CPU
		{53E3C319-4834-4446-A415-5086F73FD8B2}.AppStore|iPhone.ActiveCfg = Release|Any CPU
		{53E3C319-4834-4446-A415-5086F73FD8B2}.AppStore|iPhone.Build.0 = Release|Any CPU
		{53E3C319-4834-4446-A415-5086F73FD8B2}.AppStore|iPhoneSimulator.ActiveCfg = Release|Any CPU
		{53E3C319-4834-4446-A415-5086F73FD8B2}.AppStore|iPhoneSimulator.Build.0 = Release|Any CPU
		{53E3C319-4834-4446-A415-5086F73FD8B2}.AppStore|x64.ActiveCfg = Release|Any CPU
		{53E3C319-4834-4446-A415-5086F73FD8B2}.AppStore|x64.Build.0 = Release|Any CPU
		{53E3C319-4834-4446-A415-5086F73FD8B2}.AppStore|x86.ActiveCfg = Release|Any CPU
		{53E3C319-4834-4446-A415-5086F73FD8B2}.AppStore|x86.Build.0 = Release|Any CPU
		{53E3C319-4834-4446-A415-5086F73FD8B2}.Debug|Any CPU.ActiveCfg = Debug|Any CPU
		{53E3C319-4834-4446-A415-5086F73FD8B2}.Debug|Any CPU.Build.0 = Debug|Any CPU
		{53E3C319-4834-4446-A415-5086F73FD8B2}.Debug|ARM.ActiveCfg = Debug|Any CPU
		{53E3C319-4834-4446-A415-5086F73FD8B2}.Debug|ARM.Build.0 = Debug|Any CPU
		{53E3C319-4834-4446-A415-5086F73FD8B2}.Debug|iPhone.ActiveCfg = Debug|Any CPU
		{53E3C319-4834-4446-A415-5086F73FD8B2}.Debug|iPhone.Build.0 = Debug|Any CPU
		{53E3C319-4834-4446-A415-5086F73FD8B2}.Debug|iPhoneSimulator.ActiveCfg = Debug|Any CPU
		{53E3C319-4834-4446-A415-5086F73FD8B2}.Debug|iPhoneSimulator.Build.0 = Debug|Any CPU
		{53E3C319-4834-4446-A415-5086F73FD8B2}.Debug|x64.ActiveCfg = Debug|Any CPU
		{53E3C319-4834-4446-A415-5086F73FD8B2}.Debug|x64.Build.0 = Debug|Any CPU
		{53E3C319-4834-4446-A415-5086F73FD8B2}.Debug|x86.ActiveCfg = Debug|Any CPU
		{53E3C319-4834-4446-A415-5086F73FD8B2}.Debug|x86.Build.0 = Debug|Any CPU
		{53E3C319-4834-4446-A415-5086F73FD8B2}.Release|Any CPU.ActiveCfg = Release|Any CPU
		{53E3C319-4834-4446-A415-5086F73FD8B2}.Release|Any CPU.Build.0 = Release|Any CPU
		{53E3C319-4834-4446-A415-5086F73FD8B2}.Release|ARM.ActiveCfg = Release|Any CPU
		{53E3C319-4834-4446-A415-5086F73FD8B2}.Release|ARM.Build.0 = Release|Any CPU
		{53E3C319-4834-4446-A415-5086F73FD8B2}.Release|iPhone.ActiveCfg = Release|Any CPU
		{53E3C319-4834-4446-A415-5086F73FD8B2}.Release|iPhone.Build.0 = Release|Any CPU
		{53E3C319-4834-4446-A415-5086F73FD8B2}.Release|iPhoneSimulator.ActiveCfg = Release|Any CPU
		{53E3C319-4834-4446-A415-5086F73FD8B2}.Release|iPhoneSimulator.Build.0 = Release|Any CPU
		{53E3C319-4834-4446-A415-5086F73FD8B2}.Release|x64.ActiveCfg = Release|Any CPU
		{53E3C319-4834-4446-A415-5086F73FD8B2}.Release|x64.Build.0 = Release|Any CPU
		{53E3C319-4834-4446-A415-5086F73FD8B2}.Release|x86.ActiveCfg = Release|Any CPU
		{53E3C319-4834-4446-A415-5086F73FD8B2}.Release|x86.Build.0 = Release|Any CPU
	EndGlobalSection
	GlobalSection(SolutionProperties) = preSolution
		HideSolutionNode = FALSE
	EndGlobalSection
	GlobalSection(ExtensibilityGlobals) = postSolution
		SolutionGuid = {F5399188-2304-4703-A27B-E19C3C4F7F2B}
	EndGlobalSection
EndGlobal
